
Microsoft Visual Studio Solution File, Format Version 12.00
Project("{FAE04EC0-301F-11D3-BF4B-00C04F79EFBC}") = "LughSharp", "LughSharp\LughSharp.csproj", "{7FB58EAE-51D9-4AC0-81F0-84FF004B1004}"
EndProject
Project("{FAE04EC0-301F-11D3-BF4B-00C04F79EFBC}") = "DesktopGLBackend", "DesktopGLBackend\DesktopGLBackend.csproj", "{FF5C684F-43B7-4124-B67F-EA5FAF6ED27A}"
EndProject
Project("{FAE04EC0-301F-11D3-BF4B-00C04F79EFBC}") = "AndroidBackend", "AndroidBackend\AndroidBackend.csproj", "{A6F0F659-D8ED-4468-9A27-2D8542FD903F}"
EndProject
Project("{FAE04EC0-301F-11D3-BF4B-00C04F79EFBC}") = "Extensions", "Extensions\Extensions.csproj", "{C1E7A757-B946-42C1-846C-0BFCA30AE973}"
EndProject
Project("{FAE04EC0-301F-11D3-BF4B-00C04F79EFBC}") = "ConsoleApp1", "..\..\CSharp\ConsoleApp1\ConsoleApp1.csproj", "{598B4D7A-ADC8-4932-AC10-047D9F063C10}"
EndProject
Global
	GlobalSection(SolutionConfigurationPlatforms) = preSolution
		Debug|Any CPU = Debug|Any CPU
		Release|Any CPU = Release|Any CPU
	EndGlobalSection
	GlobalSection(ProjectConfigurationPlatforms) = postSolution
		{7FB58EAE-51D9-4AC0-81F0-84FF004B1004}.Debug|Any CPU.ActiveCfg = Debug|Any CPU
		{7FB58EAE-51D9-4AC0-81F0-84FF004B1004}.Debug|Any CPU.Build.0 = Debug|Any CPU
		{7FB58EAE-51D9-4AC0-81F0-84FF004B1004}.Release|Any CPU.ActiveCfg = Release|Any CPU
		{7FB58EAE-51D9-4AC0-81F0-84FF004B1004}.Release|Any CPU.Build.0 = Release|Any CPU
		{FF5C684F-43B7-4124-B67F-EA5FAF6ED27A}.Debug|Any CPU.ActiveCfg = Debug|Any CPU
		{FF5C684F-43B7-4124-B67F-EA5FAF6ED27A}.Debug|Any CPU.Build.0 = Debug|Any CPU
		{FF5C684F-43B7-4124-B67F-EA5FAF6ED27A}.Release|Any CPU.ActiveCfg = Release|Any CPU
		{FF5C684F-43B7-4124-B67F-EA5FAF6ED27A}.Release|Any CPU.Build.0 = Release|Any CPU
		{A6F0F659-D8ED-4468-9A27-2D8542FD903F}.Debug|Any CPU.ActiveCfg = Debug|Any CPU
		{A6F0F659-D8ED-4468-9A27-2D8542FD903F}.Debug|Any CPU.Build.0 = Debug|Any CPU
		{A6F0F659-D8ED-4468-9A27-2D8542FD903F}.Release|Any CPU.ActiveCfg = Release|Any CPU
		{A6F0F659-D8ED-4468-9A27-2D8542FD903F}.Release|Any CPU.Build.0 = Release|Any CPU
		{C1E7A757-B946-42C1-846C-0BFCA30AE973}.Debug|Any CPU.ActiveCfg = Debug|Any CPU
		{C1E7A757-B946-42C1-846C-0BFCA30AE973}.Debug|Any CPU.Build.0 = Debug|Any CPU
		{C1E7A757-B946-42C1-846C-0BFCA30AE973}.Release|Any CPU.ActiveCfg = Release|Any CPU
		{C1E7A757-B946-42C1-846C-0BFCA30AE973}.Release|Any CPU.Build.0 = Release|Any CPU
		{598B4D7A-ADC8-4932-AC10-047D9F063C10}.Debug|Any CPU.ActiveCfg = Debug|Any CPU
		{598B4D7A-ADC8-4932-AC10-047D9F063C10}.Debug|Any CPU.Build.0 = Debug|Any CPU
		{598B4D7A-ADC8-4932-AC10-047D9F063C10}.Release|Any CPU.ActiveCfg = Release|Any CPU
		{598B4D7A-ADC8-4932-AC10-047D9F063C10}.Release|Any CPU.Build.0 = Release|Any CPU
	EndGlobalSection
EndGlobal
